
Microsoft Visual Studio Solution File, Format Version 12.00
# Visual Studio 15
VisualStudioVersion = 15.0.27428.2037
MinimumVisualStudioVersion = 10.0.40219.1
Project("{2150E333-8FDC-42A3-9474-1A3956D46DE8}") = ".NetStandard", ".NetStandard", "{71472C58-EEC6-4A62-81E8-29B1DE384304}"
EndProject
Project("{2150E333-8FDC-42A3-9474-1A3956D46DE8}") = "Tests", "Tests", "{AFAF2D92-DD69-47E6-B757-3DCBC3B54280}"
EndProject
Project("{9A19103F-16F7-4668-BE54-9A1E7A4F7556}") = "Tello.Core", "src\NetStandard\Tello.Core\Tello.Core.csproj", "{54A3CE62-4960-486D-9275-14E7911327C0}"
EndProject
Project("{9A19103F-16F7-4668-BE54-9A1E7A4F7556}") = "Tello.Udp", "src\NetStandard\Tello.Client\Tello.UdpClient\Tello.Udp.csproj", "{A25A8A24-4730-426F-A8BC-AD0882AF8FBB}"
EndProject
Project("{9A19103F-16F7-4668-BE54-9A1E7A4F7556}") = "Udp.Sender", "src\NetStandard\Udp.Sender\Udp.Sender.csproj", "{3D2DBA09-F65F-45DC-9D9C-58C580B0BF31}"
EndProject
Project("{2150E333-8FDC-42A3-9474-1A3956D46DE8}") = "UWP", "UWP", "{37A82A66-43C1-4A37-83F4-0D5D1ECD9596}"
EndProject
Project("{9A19103F-16F7-4668-BE54-9A1E7A4F7556}") = "Udp.Listener", "src\NetStandard\Udp.Listener\Udp.Listener.csproj", "{F4E5A92F-732B-4A68-A52D-47178A4E7D4F}"
EndProject
Project("{FAE04EC0-301F-11D3-BF4B-00C04F79EFBC}") = "Tello.Video.UWP", "src\NetStandard\Tello.Video.UWP\Tello.Video.UWP.csproj", "{30293FA0-A49D-410D-BC4A-96A437AF21FC}"
EndProject
Project("{9A19103F-16F7-4668-BE54-9A1E7A4F7556}") = "Test.Tello.Core", "src\NetStandard\Tello.Core.Test\Test.Tello.Core.csproj", "{E08A2524-471B-4DD1-B8BD-5C5C583698B2}"
EndProject
Project("{9A19103F-16F7-4668-BE54-9A1E7A4F7556}") = "Tello.Video", "src\NetStandard\Tello.Video\Tello.Video.csproj", "{11347C02-1E45-47A8-B373-CC6EC755DA5F}"
EndProject
Project("{9A19103F-16F7-4668-BE54-9A1E7A4F7556}") = "Tello.Emulator.SDKV2", "src\NetStandard\Tello.Emulator\Tello.Emulator.SDKV2.csproj", "{DE56AD77-6A5F-426E-8C06-66BE5C571E77}"
EndProject
Project("{9A19103F-16F7-4668-BE54-9A1E7A4F7556}") = "Tello.EmulatorConsole", "src\NetStandard\Tello.Emulator.Console\Tello.EmulatorConsole.csproj", "{AF5DCDA5-0C98-4372-A167-F9616D211604}"
EndProject
Global
	GlobalSection(SolutionConfigurationPlatforms) = preSolution
		Debug|Any CPU = Debug|Any CPU
		Debug|ARM = Debug|ARM
		Debug|ARM64 = Debug|ARM64
		Debug|x64 = Debug|x64
		Debug|x86 = Debug|x86
		Release|Any CPU = Release|Any CPU
		Release|ARM = Release|ARM
		Release|ARM64 = Release|ARM64
		Release|x64 = Release|x64
		Release|x86 = Release|x86
	EndGlobalSection
	GlobalSection(ProjectConfigurationPlatforms) = postSolution
		{54A3CE62-4960-486D-9275-14E7911327C0}.Debug|Any CPU.ActiveCfg = Debug|Any CPU
		{54A3CE62-4960-486D-9275-14E7911327C0}.Debug|Any CPU.Build.0 = Debug|Any CPU
		{54A3CE62-4960-486D-9275-14E7911327C0}.Debug|ARM.ActiveCfg = Debug|Any CPU
		{54A3CE62-4960-486D-9275-14E7911327C0}.Debug|ARM.Build.0 = Debug|Any CPU
		{54A3CE62-4960-486D-9275-14E7911327C0}.Debug|ARM64.ActiveCfg = Debug|Any CPU
		{54A3CE62-4960-486D-9275-14E7911327C0}.Debug|ARM64.Build.0 = Debug|Any CPU
		{54A3CE62-4960-486D-9275-14E7911327C0}.Debug|x64.ActiveCfg = Debug|Any CPU
		{54A3CE62-4960-486D-9275-14E7911327C0}.Debug|x64.Build.0 = Debug|Any CPU
		{54A3CE62-4960-486D-9275-14E7911327C0}.Debug|x86.ActiveCfg = Debug|Any CPU
		{54A3CE62-4960-486D-9275-14E7911327C0}.Debug|x86.Build.0 = Debug|Any CPU
		{54A3CE62-4960-486D-9275-14E7911327C0}.Release|Any CPU.ActiveCfg = Release|Any CPU
		{54A3CE62-4960-486D-9275-14E7911327C0}.Release|Any CPU.Build.0 = Release|Any CPU
		{54A3CE62-4960-486D-9275-14E7911327C0}.Release|ARM.ActiveCfg = Release|Any CPU
		{54A3CE62-4960-486D-9275-14E7911327C0}.Release|ARM.Build.0 = Release|Any CPU
		{54A3CE62-4960-486D-9275-14E7911327C0}.Release|ARM64.ActiveCfg = Release|Any CPU
		{54A3CE62-4960-486D-9275-14E7911327C0}.Release|ARM64.Build.0 = Release|Any CPU
		{54A3CE62-4960-486D-9275-14E7911327C0}.Release|x64.ActiveCfg = Release|Any CPU
		{54A3CE62-4960-486D-9275-14E7911327C0}.Release|x64.Build.0 = Release|Any CPU
		{54A3CE62-4960-486D-9275-14E7911327C0}.Release|x86.ActiveCfg = Release|Any CPU
		{54A3CE62-4960-486D-9275-14E7911327C0}.Release|x86.Build.0 = Release|Any CPU
		{A25A8A24-4730-426F-A8BC-AD0882AF8FBB}.Debug|Any CPU.ActiveCfg = Debug|Any CPU
		{A25A8A24-4730-426F-A8BC-AD0882AF8FBB}.Debug|Any CPU.Build.0 = Debug|Any CPU
		{A25A8A24-4730-426F-A8BC-AD0882AF8FBB}.Debug|ARM.ActiveCfg = Debug|Any CPU
		{A25A8A24-4730-426F-A8BC-AD0882AF8FBB}.Debug|ARM.Build.0 = Debug|Any CPU
		{A25A8A24-4730-426F-A8BC-AD0882AF8FBB}.Debug|ARM64.ActiveCfg = Debug|Any CPU
		{A25A8A24-4730-426F-A8BC-AD0882AF8FBB}.Debug|ARM64.Build.0 = Debug|Any CPU
		{A25A8A24-4730-426F-A8BC-AD0882AF8FBB}.Debug|x64.ActiveCfg = Debug|Any CPU
		{A25A8A24-4730-426F-A8BC-AD0882AF8FBB}.Debug|x64.Build.0 = Debug|Any CPU
		{A25A8A24-4730-426F-A8BC-AD0882AF8FBB}.Debug|x86.ActiveCfg = Debug|Any CPU
		{A25A8A24-4730-426F-A8BC-AD0882AF8FBB}.Debug|x86.Build.0 = Debug|Any CPU
		{A25A8A24-4730-426F-A8BC-AD0882AF8FBB}.Release|Any CPU.ActiveCfg = Release|Any CPU
		{A25A8A24-4730-426F-A8BC-AD0882AF8FBB}.Release|Any CPU.Build.0 = Release|Any CPU
		{A25A8A24-4730-426F-A8BC-AD0882AF8FBB}.Release|ARM.ActiveCfg = Release|Any CPU
		{A25A8A24-4730-426F-A8BC-AD0882AF8FBB}.Release|ARM.Build.0 = Release|Any CPU
		{A25A8A24-4730-426F-A8BC-AD0882AF8FBB}.Release|ARM64.ActiveCfg = Release|Any CPU
		{A25A8A24-4730-426F-A8BC-AD0882AF8FBB}.Release|ARM64.Build.0 = Release|Any CPU
		{A25A8A24-4730-426F-A8BC-AD0882AF8FBB}.Release|x64.ActiveCfg = Release|Any CPU
		{A25A8A24-4730-426F-A8BC-AD0882AF8FBB}.Release|x64.Build.0 = Release|Any CPU
		{A25A8A24-4730-426F-A8BC-AD0882AF8FBB}.Release|x86.ActiveCfg = Release|Any CPU
		{A25A8A24-4730-426F-A8BC-AD0882AF8FBB}.Release|x86.Build.0 = Release|Any CPU
		{3D2DBA09-F65F-45DC-9D9C-58C580B0BF31}.Debug|Any CPU.ActiveCfg = Debug|Any CPU
		{3D2DBA09-F65F-45DC-9D9C-58C580B0BF31}.Debug|Any CPU.Build.0 = Debug|Any CPU
		{3D2DBA09-F65F-45DC-9D9C-58C580B0BF31}.Debug|ARM.ActiveCfg = Debug|Any CPU
		{3D2DBA09-F65F-45DC-9D9C-58C580B0BF31}.Debug|ARM.Build.0 = Debug|Any CPU
		{3D2DBA09-F65F-45DC-9D9C-58C580B0BF31}.Debug|ARM64.ActiveCfg = Debug|Any CPU
		{3D2DBA09-F65F-45DC-9D9C-58C580B0BF31}.Debug|ARM64.Build.0 = Debug|Any CPU
		{3D2DBA09-F65F-45DC-9D9C-58C580B0BF31}.Debug|x64.ActiveCfg = Debug|Any CPU
		{3D2DBA09-F65F-45DC-9D9C-58C580B0BF31}.Debug|x64.Build.0 = Debug|Any CPU
		{3D2DBA09-F65F-45DC-9D9C-58C580B0BF31}.Debug|x86.ActiveCfg = Debug|Any CPU
		{3D2DBA09-F65F-45DC-9D9C-58C580B0BF31}.Debug|x86.Build.0 = Debug|Any CPU
		{3D2DBA09-F65F-45DC-9D9C-58C580B0BF31}.Release|Any CPU.ActiveCfg = Release|Any CPU
		{3D2DBA09-F65F-45DC-9D9C-58C580B0BF31}.Release|Any CPU.Build.0 = Release|Any CPU
		{3D2DBA09-F65F-45DC-9D9C-58C580B0BF31}.Release|ARM.ActiveCfg = Release|Any CPU
		{3D2DBA09-F65F-45DC-9D9C-58C580B0BF31}.Release|ARM.Build.0 = Release|Any CPU
		{3D2DBA09-F65F-45DC-9D9C-58C580B0BF31}.Release|ARM64.ActiveCfg = Release|Any CPU
		{3D2DBA09-F65F-45DC-9D9C-58C580B0BF31}.Release|ARM64.Build.0 = Release|Any CPU
		{3D2DBA09-F65F-45DC-9D9C-58C580B0BF31}.Release|x64.ActiveCfg = Release|Any CPU
		{3D2DBA09-F65F-45DC-9D9C-58C580B0BF31}.Release|x64.Build.0 = Release|Any CPU
		{3D2DBA09-F65F-45DC-9D9C-58C580B0BF31}.Release|x86.ActiveCfg = Release|Any CPU
		{3D2DBA09-F65F-45DC-9D9C-58C580B0BF31}.Release|x86.Build.0 = Release|Any CPU
		{F4E5A92F-732B-4A68-A52D-47178A4E7D4F}.Debug|Any CPU.ActiveCfg = Debug|Any CPU
		{F4E5A92F-732B-4A68-A52D-47178A4E7D4F}.Debug|Any CPU.Build.0 = Debug|Any CPU
		{F4E5A92F-732B-4A68-A52D-47178A4E7D4F}.Debug|ARM.ActiveCfg = Debug|Any CPU
		{F4E5A92F-732B-4A68-A52D-47178A4E7D4F}.Debug|ARM.Build.0 = Debug|Any CPU
		{F4E5A92F-732B-4A68-A52D-47178A4E7D4F}.Debug|ARM64.ActiveCfg = Debug|Any CPU
		{F4E5A92F-732B-4A68-A52D-47178A4E7D4F}.Debug|ARM64.Build.0 = Debug|Any CPU
		{F4E5A92F-732B-4A68-A52D-47178A4E7D4F}.Debug|x64.ActiveCfg = Debug|Any CPU
		{F4E5A92F-732B-4A68-A52D-47178A4E7D4F}.Debug|x64.Build.0 = Debug|Any CPU
		{F4E5A92F-732B-4A68-A52D-47178A4E7D4F}.Debug|x86.ActiveCfg = Debug|Any CPU
		{F4E5A92F-732B-4A68-A52D-47178A4E7D4F}.Debug|x86.Build.0 = Debug|Any CPU
		{F4E5A92F-732B-4A68-A52D-47178A4E7D4F}.Release|Any CPU.ActiveCfg = Release|Any CPU
		{F4E5A92F-732B-4A68-A52D-47178A4E7D4F}.Release|Any CPU.Build.0 = Release|Any CPU
		{F4E5A92F-732B-4A68-A52D-47178A4E7D4F}.Release|ARM.ActiveCfg = Release|Any CPU
		{F4E5A92F-732B-4A68-A52D-47178A4E7D4F}.Release|ARM.Build.0 = Release|Any CPU
		{F4E5A92F-732B-4A68-A52D-47178A4E7D4F}.Release|ARM64.ActiveCfg = Release|Any CPU
		{F4E5A92F-732B-4A68-A52D-47178A4E7D4F}.Release|ARM64.Build.0 = Release|Any CPU
		{F4E5A92F-732B-4A68-A52D-47178A4E7D4F}.Release|x64.ActiveCfg = Release|Any CPU
		{F4E5A92F-732B-4A68-A52D-47178A4E7D4F}.Release|x64.Build.0 = Release|Any CPU
		{F4E5A92F-732B-4A68-A52D-47178A4E7D4F}.Release|x86.ActiveCfg = Release|Any CPU
		{F4E5A92F-732B-4A68-A52D-47178A4E7D4F}.Release|x86.Build.0 = Release|Any CPU
		{30293FA0-A49D-410D-BC4A-96A437AF21FC}.Debug|Any CPU.ActiveCfg = Debug|x86
		{30293FA0-A49D-410D-BC4A-96A437AF21FC}.Debug|Any CPU.Build.0 = Debug|x86
		{30293FA0-A49D-410D-BC4A-96A437AF21FC}.Debug|Any CPU.Deploy.0 = Debug|x86
		{30293FA0-A49D-410D-BC4A-96A437AF21FC}.Debug|ARM.ActiveCfg = Debug|ARM
		{30293FA0-A49D-410D-BC4A-96A437AF21FC}.Debug|ARM.Build.0 = Debug|ARM
		{30293FA0-A49D-410D-BC4A-96A437AF21FC}.Debug|ARM.Deploy.0 = Debug|ARM
		{30293FA0-A49D-410D-BC4A-96A437AF21FC}.Debug|ARM64.ActiveCfg = Debug|ARM64
		{30293FA0-A49D-410D-BC4A-96A437AF21FC}.Debug|ARM64.Build.0 = Debug|ARM64
		{30293FA0-A49D-410D-BC4A-96A437AF21FC}.Debug|ARM64.Deploy.0 = Debug|ARM64
		{30293FA0-A49D-410D-BC4A-96A437AF21FC}.Debug|x64.ActiveCfg = Debug|x64
		{30293FA0-A49D-410D-BC4A-96A437AF21FC}.Debug|x64.Build.0 = Debug|x64
		{30293FA0-A49D-410D-BC4A-96A437AF21FC}.Debug|x64.Deploy.0 = Debug|x64
		{30293FA0-A49D-410D-BC4A-96A437AF21FC}.Debug|x86.ActiveCfg = Debug|x86
		{30293FA0-A49D-410D-BC4A-96A437AF21FC}.Debug|x86.Build.0 = Debug|x86
		{30293FA0-A49D-410D-BC4A-96A437AF21FC}.Debug|x86.Deploy.0 = Debug|x86
		{30293FA0-A49D-410D-BC4A-96A437AF21FC}.Release|Any CPU.ActiveCfg = Release|x86
		{30293FA0-A49D-410D-BC4A-96A437AF21FC}.Release|Any CPU.Build.0 = Release|x86
		{30293FA0-A49D-410D-BC4A-96A437AF21FC}.Release|Any CPU.Deploy.0 = Release|x86
		{30293FA0-A49D-410D-BC4A-96A437AF21FC}.Release|ARM.ActiveCfg = Release|ARM
		{30293FA0-A49D-410D-BC4A-96A437AF21FC}.Release|ARM.Build.0 = Release|ARM
		{30293FA0-A49D-410D-BC4A-96A437AF21FC}.Release|ARM.Deploy.0 = Release|ARM
		{30293FA0-A49D-410D-BC4A-96A437AF21FC}.Release|ARM64.ActiveCfg = Release|ARM64
		{30293FA0-A49D-410D-BC4A-96A437AF21FC}.Release|ARM64.Build.0 = Release|ARM64
		{30293FA0-A49D-410D-BC4A-96A437AF21FC}.Release|ARM64.Deploy.0 = Release|ARM64
		{30293FA0-A49D-410D-BC4A-96A437AF21FC}.Release|x64.ActiveCfg = Release|x64
		{30293FA0-A49D-410D-BC4A-96A437AF21FC}.Release|x64.Build.0 = Release|x64
		{30293FA0-A49D-410D-BC4A-96A437AF21FC}.Release|x64.Deploy.0 = Release|x64
		{30293FA0-A49D-410D-BC4A-96A437AF21FC}.Release|x86.ActiveCfg = Release|x86
		{30293FA0-A49D-410D-BC4A-96A437AF21FC}.Release|x86.Build.0 = Release|x86
		{30293FA0-A49D-410D-BC4A-96A437AF21FC}.Release|x86.Deploy.0 = Release|x86
		{E08A2524-471B-4DD1-B8BD-5C5C583698B2}.Debug|Any CPU.ActiveCfg = Debug|Any CPU
		{E08A2524-471B-4DD1-B8BD-5C5C583698B2}.Debug|Any CPU.Build.0 = Debug|Any CPU
		{E08A2524-471B-4DD1-B8BD-5C5C583698B2}.Debug|ARM.ActiveCfg = Debug|Any CPU
		{E08A2524-471B-4DD1-B8BD-5C5C583698B2}.Debug|ARM.Build.0 = Debug|Any CPU
		{E08A2524-471B-4DD1-B8BD-5C5C583698B2}.Debug|ARM64.ActiveCfg = Debug|Any CPU
		{E08A2524-471B-4DD1-B8BD-5C5C583698B2}.Debug|ARM64.Build.0 = Debug|Any CPU
		{E08A2524-471B-4DD1-B8BD-5C5C583698B2}.Debug|x64.ActiveCfg = Debug|Any CPU
		{E08A2524-471B-4DD1-B8BD-5C5C583698B2}.Debug|x64.Build.0 = Debug|Any CPU
		{E08A2524-471B-4DD1-B8BD-5C5C583698B2}.Debug|x86.ActiveCfg = Debug|Any CPU
		{E08A2524-471B-4DD1-B8BD-5C5C583698B2}.Debug|x86.Build.0 = Debug|Any CPU
		{E08A2524-471B-4DD1-B8BD-5C5C583698B2}.Release|Any CPU.ActiveCfg = Release|Any CPU
		{E08A2524-471B-4DD1-B8BD-5C5C583698B2}.Release|Any CPU.Build.0 = Release|Any CPU
		{E08A2524-471B-4DD1-B8BD-5C5C583698B2}.Release|ARM.ActiveCfg = Release|Any CPU
		{E08A2524-471B-4DD1-B8BD-5C5C583698B2}.Release|ARM.Build.0 = Release|Any CPU
		{E08A2524-471B-4DD1-B8BD-5C5C583698B2}.Release|ARM64.ActiveCfg = Release|Any CPU
		{E08A2524-471B-4DD1-B8BD-5C5C583698B2}.Release|ARM64.Build.0 = Release|Any CPU
		{E08A2524-471B-4DD1-B8BD-5C5C583698B2}.Release|x64.ActiveCfg = Release|Any CPU
		{E08A2524-471B-4DD1-B8BD-5C5C583698B2}.Release|x64.Build.0 = Release|Any CPU
		{E08A2524-471B-4DD1-B8BD-5C5C583698B2}.Release|x86.ActiveCfg = Release|Any CPU
		{E08A2524-471B-4DD1-B8BD-5C5C583698B2}.Release|x86.Build.0 = Release|Any CPU
		{11347C02-1E45-47A8-B373-CC6EC755DA5F}.Debug|Any CPU.ActiveCfg = Debug|Any CPU
		{11347C02-1E45-47A8-B373-CC6EC755DA5F}.Debug|Any CPU.Build.0 = Debug|Any CPU
		{11347C02-1E45-47A8-B373-CC6EC755DA5F}.Debug|ARM.ActiveCfg = Debug|Any CPU
		{11347C02-1E45-47A8-B373-CC6EC755DA5F}.Debug|ARM.Build.0 = Debug|Any CPU
		{11347C02-1E45-47A8-B373-CC6EC755DA5F}.Debug|ARM64.ActiveCfg = Debug|Any CPU
		{11347C02-1E45-47A8-B373-CC6EC755DA5F}.Debug|ARM64.Build.0 = Debug|Any CPU
		{11347C02-1E45-47A8-B373-CC6EC755DA5F}.Debug|x64.ActiveCfg = Debug|Any CPU
		{11347C02-1E45-47A8-B373-CC6EC755DA5F}.Debug|x64.Build.0 = Debug|Any CPU
		{11347C02-1E45-47A8-B373-CC6EC755DA5F}.Debug|x86.ActiveCfg = Debug|Any CPU
		{11347C02-1E45-47A8-B373-CC6EC755DA5F}.Debug|x86.Build.0 = Debug|Any CPU
		{11347C02-1E45-47A8-B373-CC6EC755DA5F}.Release|Any CPU.ActiveCfg = Release|Any CPU
		{11347C02-1E45-47A8-B373-CC6EC755DA5F}.Release|Any CPU.Build.0 = Release|Any CPU
		{11347C02-1E45-47A8-B373-CC6EC755DA5F}.Release|ARM.ActiveCfg = Release|Any CPU
		{11347C02-1E45-47A8-B373-CC6EC755DA5F}.Release|ARM.Build.0 = Release|Any CPU
		{11347C02-1E45-47A8-B373-CC6EC755DA5F}.Release|ARM64.ActiveCfg = Release|Any CPU
		{11347C02-1E45-47A8-B373-CC6EC755DA5F}.Release|ARM64.Build.0 = Release|Any CPU
		{11347C02-1E45-47A8-B373-CC6EC755DA5F}.Release|x64.ActiveCfg = Release|Any CPU
		{11347C02-1E45-47A8-B373-CC6EC755DA5F}.Release|x64.Build.0 = Release|Any CPU
		{11347C02-1E45-47A8-B373-CC6EC755DA5F}.Release|x86.ActiveCfg = Release|Any CPU
		{11347C02-1E45-47A8-B373-CC6EC755DA5F}.Release|x86.Build.0 = Release|Any CPU
		{DE56AD77-6A5F-426E-8C06-66BE5C571E77}.Debug|Any CPU.ActiveCfg = Debug|Any CPU
		{DE56AD77-6A5F-426E-8C06-66BE5C571E77}.Debug|Any CPU.Build.0 = Debug|Any CPU
		{DE56AD77-6A5F-426E-8C06-66BE5C571E77}.Debug|ARM.ActiveCfg = Debug|Any CPU
		{DE56AD77-6A5F-426E-8C06-66BE5C571E77}.Debug|ARM.Build.0 = Debug|Any CPU
		{DE56AD77-6A5F-426E-8C06-66BE5C571E77}.Debug|ARM64.ActiveCfg = Debug|Any CPU
		{DE56AD77-6A5F-426E-8C06-66BE5C571E77}.Debug|ARM64.Build.0 = Debug|Any CPU
		{DE56AD77-6A5F-426E-8C06-66BE5C571E77}.Debug|x64.ActiveCfg = Debug|Any CPU
		{DE56AD77-6A5F-426E-8C06-66BE5C571E77}.Debug|x64.Build.0 = Debug|Any CPU
		{DE56AD77-6A5F-426E-8C06-66BE5C571E77}.Debug|x86.ActiveCfg = Debug|Any CPU
		{DE56AD77-6A5F-426E-8C06-66BE5C571E77}.Debug|x86.Build.0 = Debug|Any CPU
		{DE56AD77-6A5F-426E-8C06-66BE5C571E77}.Release|Any CPU.ActiveCfg = Release|Any CPU
		{DE56AD77-6A5F-426E-8C06-66BE5C571E77}.Release|Any CPU.Build.0 = Release|Any CPU
		{DE56AD77-6A5F-426E-8C06-66BE5C571E77}.Release|ARM.ActiveCfg = Release|Any CPU
		{DE56AD77-6A5F-426E-8C06-66BE5C571E77}.Release|ARM.Build.0 = Release|Any CPU
		{DE56AD77-6A5F-426E-8C06-66BE5C571E77}.Release|ARM64.ActiveCfg = Release|Any CPU
		{DE56AD77-6A5F-426E-8C06-66BE5C571E77}.Release|ARM64.Build.0 = Release|Any CPU
		{DE56AD77-6A5F-426E-8C06-66BE5C571E77}.Release|x64.ActiveCfg = Release|Any CPU
		{DE56AD77-6A5F-426E-8C06-66BE5C571E77}.Release|x64.Build.0 = Release|Any CPU
		{DE56AD77-6A5F-426E-8C06-66BE5C571E77}.Release|x86.ActiveCfg = Release|Any CPU
		{DE56AD77-6A5F-426E-8C06-66BE5C571E77}.Release|x86.Build.0 = Release|Any CPU
		{AF5DCDA5-0C98-4372-A167-F9616D211604}.Debug|Any CPU.ActiveCfg = Debug|Any CPU
		{AF5DCDA5-0C98-4372-A167-F9616D211604}.Debug|Any CPU.Build.0 = Debug|Any CPU
		{AF5DCDA5-0C98-4372-A167-F9616D211604}.Debug|ARM.ActiveCfg = Debug|Any CPU
		{AF5DCDA5-0C98-4372-A167-F9616D211604}.Debug|ARM.Build.0 = Debug|Any CPU
		{AF5DCDA5-0C98-4372-A167-F9616D211604}.Debug|ARM64.ActiveCfg = Debug|Any CPU
		{AF5DCDA5-0C98-4372-A167-F9616D211604}.Debug|ARM64.Build.0 = Debug|Any CPU
		{AF5DCDA5-0C98-4372-A167-F9616D211604}.Debug|x64.ActiveCfg = Debug|Any CPU
		{AF5DCDA5-0C98-4372-A167-F9616D211604}.Debug|x64.Build.0 = Debug|Any CPU
		{AF5DCDA5-0C98-4372-A167-F9616D211604}.Debug|x86.ActiveCfg = Debug|Any CPU
		{AF5DCDA5-0C98-4372-A167-F9616D211604}.Debug|x86.Build.0 = Debug|Any CPU
		{AF5DCDA5-0C98-4372-A167-F9616D211604}.Release|Any CPU.ActiveCfg = Release|Any CPU
		{AF5DCDA5-0C98-4372-A167-F9616D211604}.Release|Any CPU.Build.0 = Release|Any CPU
		{AF5DCDA5-0C98-4372-A167-F9616D211604}.Release|ARM.ActiveCfg = Release|Any CPU
		{AF5DCDA5-0C98-4372-A167-F9616D211604}.Release|ARM.Build.0 = Release|Any CPU
		{AF5DCDA5-0C98-4372-A167-F9616D211604}.Release|ARM64.ActiveCfg = Release|Any CPU
		{AF5DCDA5-0C98-4372-A167-F9616D211604}.Release|ARM64.Build.0 = Release|Any CPU
		{AF5DCDA5-0C98-4372-A167-F9616D211604}.Release|x64.ActiveCfg = Release|Any CPU
		{AF5DCDA5-0C98-4372-A167-F9616D211604}.Release|x64.Build.0 = Release|Any CPU
		{AF5DCDA5-0C98-4372-A167-F9616D211604}.Release|x86.ActiveCfg = Release|Any CPU
		{AF5DCDA5-0C98-4372-A167-F9616D211604}.Release|x86.Build.0 = Release|Any CPU
	EndGlobalSection
	GlobalSection(SolutionProperties) = preSolution
		HideSolutionNode = FALSE
	EndGlobalSection
	GlobalSection(NestedProjects) = preSolution
		{54A3CE62-4960-486D-9275-14E7911327C0} = {71472C58-EEC6-4A62-81E8-29B1DE384304}
		{A25A8A24-4730-426F-A8BC-AD0882AF8FBB} = {71472C58-EEC6-4A62-81E8-29B1DE384304}
		{3D2DBA09-F65F-45DC-9D9C-58C580B0BF31} = {AFAF2D92-DD69-47E6-B757-3DCBC3B54280}
		{F4E5A92F-732B-4A68-A52D-47178A4E7D4F} = {AFAF2D92-DD69-47E6-B757-3DCBC3B54280}
		{30293FA0-A49D-410D-BC4A-96A437AF21FC} = {37A82A66-43C1-4A37-83F4-0D5D1ECD9596}
		{E08A2524-471B-4DD1-B8BD-5C5C583698B2} = {AFAF2D92-DD69-47E6-B757-3DCBC3B54280}
		{11347C02-1E45-47A8-B373-CC6EC755DA5F} = {71472C58-EEC6-4A62-81E8-29B1DE384304}
		{DE56AD77-6A5F-426E-8C06-66BE5C571E77} = {71472C58-EEC6-4A62-81E8-29B1DE384304}
		{AF5DCDA5-0C98-4372-A167-F9616D211604} = {71472C58-EEC6-4A62-81E8-29B1DE384304}
	EndGlobalSection
	GlobalSection(ExtensibilityGlobals) = postSolution
		SolutionGuid = {30C3D4AB-41AD-4804-8728-3689204C2FB6}
	EndGlobalSection
EndGlobal
